
Microsoft Visual Studio Solution File, Format Version 12.00
# Visual Studio 15
VisualStudioVersion = 15.0.28307.572
MinimumVisualStudioVersion = 10.0.40219.1
Project("{FAE04EC0-301F-11D3-BF4B-00C04F79EFBC}") = "Updater", "Updater\Updater.csproj", "{A0A28181-E9AF-44FD-8072-8AF4CAE02648}"
EndProject
Global
	GlobalSection(SolutionConfigurationPlatforms) = preSolution
		Debug|Any CPU = Debug|Any CPU
		Release|Any CPU = Release|Any CPU
	EndGlobalSection
	GlobalSection(ProjectConfigurationPlatforms) = postSolution
		{A0A28181-E9AF-44FD-8072-8AF4CAE02648}.Debug|Any CPU.ActiveCfg = Debug|Any CPU
		{A0A28181-E9AF-44FD-8072-8AF4CAE02648}.Debug|Any CPU.Build.0 = Debug|Any CPU
		{A0A28181-E9AF-44FD-8072-8AF4CAE02648}.Release|Any CPU.ActiveCfg = Release|Any CPU
		{A0A28181-E9AF-44FD-8072-8AF4CAE02648}.Release|Any CPU.Build.0 = Release|Any CPU
	EndGlobalSection
	GlobalSection(SolutionProperties) = preSolution
		HideSolutionNode = FALSE
	EndGlobalSection
	GlobalSection(ExtensibilityGlobals) = postSolution
		SolutionGuid = {6D1B388A-8605-4A56-AE69-946FA65365C4}
	EndGlobalSection
EndGlobal
